
Microsoft Visual Studio Solution File, Format Version 12.00
# Visual Studio Version 16
VisualStudioVersion = 16.0.29709.97
MinimumVisualStudioVersion = 10.0.40219.1
Project("{FAE04EC0-301F-11D3-BF4B-00C04F79EFBC}") = "tets", "tets.csproj", "{D84B6A2E-F72D-45A2-BA3D-772C5F531F5D}"
EndProject
Global
	GlobalSection(SolutionConfigurationPlatforms) = preSolution
		Debug|Any CPU = Debug|Any CPU
		Release|Any CPU = Release|Any CPU
	EndGlobalSection
	GlobalSection(ProjectConfigurationPlatforms) = postSolution
		{D84B6A2E-F72D-45A2-BA3D-772C5F531F5D}.Debug|Any CPU.ActiveCfg = Debug|Any CPU
		{D84B6A2E-F72D-45A2-BA3D-772C5F531F5D}.Debug|Any CPU.Build.0 = Debug|Any CPU
		{D84B6A2E-F72D-45A2-BA3D-772C5F531F5D}.Release|Any CPU.ActiveCfg = Release|Any CPU
		{D84B6A2E-F72D-45A2-BA3D-772C5F531F5D}.Release|Any CPU.Build.0 = Release|Any CPU
	EndGlobalSection
	GlobalSection(SolutionProperties) = preSolution
		HideSolutionNode = FALSE
	EndGlobalSection
	GlobalSection(ExtensibilityGlobals) = postSolution
		SolutionGuid = {3F76CD6F-8952-4186-B461-D39C2249A5CF}
	EndGlobalSection
EndGlobal
